{
	"name": "axios-utils",
	"version": "1.7.5",
	"lockfileVersion": 2,
	"requires": true,
	"packages": {
		"": {
			"name": "axios-utils",
			"version": "1.7.1",
			"dependencies": {
				"axios": "^0.21.4",
				"lodash-es": "^4.17.21"
			},
			"peerDependencies": {
				"axios": "^0.21.4"
			}
		},
		"node_modules/axios": {
			"version": "0.21.4",
			"resolved": "http://bnpm.byted.org/axios/-/axios-0.21.4.tgz",
			"integrity": "sha512-ut5vewkiu8jjGBdqpM44XxjuCjq9LAKeHVmoVfHVzy8eHgxxq8SbAVQNovDA8mVi05kP0Ea/n/UzcSHcTJQfNg==",
			"license": "MIT",
			"dependencies": {
				"follow-redirects": "^1.14.0"
			}
		},
		"node_modules/follow-redirects": {
			"version": "1.14.5",
			"resolved": "http://bnpm.byted.org/follow-redirects/-/follow-redirects-1.14.5.tgz",
			"integrity": "sha512-wtphSXy7d4/OR+MvIFbCVBDzZ5520qV8XfPklSN5QtxuMUJZ+b0Wnst1e1lCDocfzuCkHqj8k0FpZqO+UIaKNA==",
			"funding": [
				{
					"type": "individual",
					"url": "https://github.com/sponsors/RubenVerborgh"
				}
			],
			"license": "MIT",
			"engines": {
				"node": ">=4.0"
			},
			"peerDependenciesMeta": {
				"debug": {
					"optional": true
				}
			}
		},
		"node_modules/lodash-es": {
			"version": "4.17.21",
			"resolved": "http://bnpm.byted.org/lodash-es/-/lodash-es-4.17.21.tgz",
			"integrity": "sha512-mKnC+QJ9pWVzv+C4/U3rRsHapFfHvQFoFB92e52xeyGMcX6/OlIl78je1u8vePzYZSkkogMPJ2yjxxsb89cxyw==",
			"license": "MIT"
		}
	},
	"dependencies": {
		"axios": {
			"version": "0.21.4",
			"resolved": "http://bnpm.byted.org/axios/-/axios-0.21.4.tgz",
			"integrity": "sha512-ut5vewkiu8jjGBdqpM44XxjuCjq9LAKeHVmoVfHVzy8eHgxxq8SbAVQNovDA8mVi05kP0Ea/n/UzcSHcTJQfNg==",
			"requires": {
				"follow-redirects": "^1.14.0"
			}
		},
		"follow-redirects": {
			"version": "1.14.5",
			"resolved": "http://bnpm.byted.org/follow-redirects/-/follow-redirects-1.14.5.tgz",
			"integrity": "sha512-wtphSXy7d4/OR+MvIFbCVBDzZ5520qV8XfPklSN5QtxuMUJZ+b0Wnst1e1lCDocfzuCkHqj8k0FpZqO+UIaKNA=="
		},
		"lodash-es": {
			"version": "4.17.21",
			"resolved": "http://bnpm.byted.org/lodash-es/-/lodash-es-4.17.21.tgz",
			"integrity": "sha512-mKnC+QJ9pWVzv+C4/U3rRsHapFfHvQFoFB92e52xeyGMcX6/OlIl78je1u8vePzYZSkkogMPJ2yjxxsb89cxyw=="
		}
	}
}
